
Microsoft Visual Studio Solution File, Format Version 12.00
# Visual Studio Version 16
VisualStudioVersion = 16.0.29209.152
MinimumVisualStudioVersion = 10.0.40219.1
Project("{9A19103F-16F7-4668-BE54-9A1E7A4F7556}") = "Lappa.ORM", "src\Lappa.ORM\Lappa.ORM.csproj", "{7238BB13-5A3A-4501-812A-AD87945B1685}"
EndProject
Project("{9A19103F-16F7-4668-BE54-9A1E7A4F7556}") = "Lappa.ORM.Tests", "tests\Lappa.ORM.Tests\Lappa.ORM.Tests.csproj", "{F1ED2912-C958-4287-A9BC-417FBC71729E}"
EndProject
Project("{2150E333-8FDC-42A3-9474-1A3956D46DE8}") = "Solution Items", "Solution Items", "{99412AF8-AAD2-45A1-A0DA-E98CE7FD1663}"
	ProjectSection(SolutionItems) = preProject
		.editorconfig = .editorconfig
	EndProjectSection
EndProject
Global
	GlobalSection(SolutionConfigurationPlatforms) = preSolution
		Debug|x64 = Debug|x64
		Release|x64 = Release|x64
	EndGlobalSection
	GlobalSection(ProjectConfigurationPlatforms) = postSolution
		{7238BB13-5A3A-4501-812A-AD87945B1685}.Debug|x64.ActiveCfg = Debug|x64
		{7238BB13-5A3A-4501-812A-AD87945B1685}.Debug|x64.Build.0 = Debug|x64
		{7238BB13-5A3A-4501-812A-AD87945B1685}.Release|x64.ActiveCfg = Release|x64
		{7238BB13-5A3A-4501-812A-AD87945B1685}.Release|x64.Build.0 = Release|x64
		{F1ED2912-C958-4287-A9BC-417FBC71729E}.Debug|x64.ActiveCfg = Debug|x64
		{F1ED2912-C958-4287-A9BC-417FBC71729E}.Debug|x64.Build.0 = Debug|x64
		{F1ED2912-C958-4287-A9BC-417FBC71729E}.Release|x64.ActiveCfg = Release|x64
		{F1ED2912-C958-4287-A9BC-417FBC71729E}.Release|x64.Build.0 = Release|x64
	EndGlobalSection
	GlobalSection(SolutionProperties) = preSolution
		HideSolutionNode = FALSE
	EndGlobalSection
	GlobalSection(ExtensibilityGlobals) = postSolution
		SolutionGuid = {18B0F7E2-C66E-4213-85D2-83AFAA66029E}
	EndGlobalSection
EndGlobal
